<?xml version="1.0" encoding="utf-8"?>
<Project ToolsVersion="4.0" xmlns="http://schemas.microsoft.com/developer/msbuild/2003">
  <ItemGroup>
    <Filter Include="Include">
      <UniqueIdentifier>{c927a452-36ce-4cb8-b34a-c728c17c2cfe}</UniqueIdentifier>
    </Filter>
  </ItemGroup>
  <ItemGroup>
    <ClInclude Include="..\Pub\Include\CodeUtil.h" />
    <ClInclude Include="..\Pub\Include\Interface.h" />
    <ClInclude Include="..\Pub\Include\StandardDef.h" />
    <ClInclude Include="..\Pub\Include\StdWinInclude.h" />
    <ClInclude Include="..\Pub\Include\System.h" />
    <ClInclude Include="01_BasicInterface\OSD.h" />
  </ItemGroup>
  <ItemGroup>
    <ClCompile Include="01_BasicInterface\main.cpp" />
    <ClCompile Include="01_BasicInterface\OSD.cpp" />
  </ItemGroup>
</Project>