
Microsoft Visual Studio Solution File, Format Version 12.00
# Visual Studio Express 2013 for Windows Desktop
VisualStudioVersion = 12.0.40629.0
MinimumVisualStudioVersion = 10.0.40219.1
Project("{8BC9CEB8-8B4A-11D0-8D11-00A0C91BC942}") = "CodeUtil", "Projects\CodeUtil.vcxproj", "{B885331D-D9B4-49B0-AAFD-1CEB7BEEA8D8}"
EndProject
Project("{8BC9CEB8-8B4A-11D0-8D11-00A0C91BC942}") = "Engine", "Projects\Engine.vcxproj", "{5124E687-0E41-4BAC-92E5-F70FEAA9B76E}"
EndProject
Project("{8BC9CEB8-8B4A-11D0-8D11-00A0C91BC942}") = "Interface", "Projects\Interface.vcxproj", "{72F4B279-4610-4D51-B31C-C0334DD5F1CC}"
EndProject
Global
	GlobalSection(SolutionConfigurationPlatforms) = preSolution
		Debug DX11|Win32 = Debug DX11|Win32
		Debug GL|Win32 = Debug GL|Win32
		Debug|Win32 = Debug|Win32
		Release GL|Win32 = Release GL|Win32
		Release|Win32 = Release|Win32
		Tool Debug|Win32 = Tool Debug|Win32
		Tool Release|Win32 = Tool Release|Win32
	EndGlobalSection
	GlobalSection(ProjectConfigurationPlatforms) = postSolution
		{B885331D-D9B4-49B0-AAFD-1CEB7BEEA8D8}.Debug DX11|Win32.ActiveCfg = Debug|Win32
		{B885331D-D9B4-49B0-AAFD-1CEB7BEEA8D8}.Debug DX11|Win32.Build.0 = Debug|Win32
		{B885331D-D9B4-49B0-AAFD-1CEB7BEEA8D8}.Debug GL|Win32.ActiveCfg = Debug|Win32
		{B885331D-D9B4-49B0-AAFD-1CEB7BEEA8D8}.Debug GL|Win32.Build.0 = Debug|Win32
		{B885331D-D9B4-49B0-AAFD-1CEB7BEEA8D8}.Debug|Win32.ActiveCfg = Debug|Win32
		{B885331D-D9B4-49B0-AAFD-1CEB7BEEA8D8}.Debug|Win32.Build.0 = Debug|Win32
		{B885331D-D9B4-49B0-AAFD-1CEB7BEEA8D8}.Release GL|Win32.ActiveCfg = Release|Win32
		{B885331D-D9B4-49B0-AAFD-1CEB7BEEA8D8}.Release GL|Win32.Build.0 = Release|Win32
		{B885331D-D9B4-49B0-AAFD-1CEB7BEEA8D8}.Release|Win32.ActiveCfg = Release|Win32
		{B885331D-D9B4-49B0-AAFD-1CEB7BEEA8D8}.Release|Win32.Build.0 = Release|Win32
		{B885331D-D9B4-49B0-AAFD-1CEB7BEEA8D8}.Tool Debug|Win32.ActiveCfg = Debug|Win32
		{B885331D-D9B4-49B0-AAFD-1CEB7BEEA8D8}.Tool Debug|Win32.Build.0 = Debug|Win32
		{B885331D-D9B4-49B0-AAFD-1CEB7BEEA8D8}.Tool Release|Win32.ActiveCfg = Release|Win32
		{B885331D-D9B4-49B0-AAFD-1CEB7BEEA8D8}.Tool Release|Win32.Build.0 = Release|Win32
		{5124E687-0E41-4BAC-92E5-F70FEAA9B76E}.Debug DX11|Win32.ActiveCfg = Debug DX11|Win32
		{5124E687-0E41-4BAC-92E5-F70FEAA9B76E}.Debug DX11|Win32.Build.0 = Debug DX11|Win32
		{5124E687-0E41-4BAC-92E5-F70FEAA9B76E}.Debug GL|Win32.ActiveCfg = Debug OpenGL|Win32
		{5124E687-0E41-4BAC-92E5-F70FEAA9B76E}.Debug GL|Win32.Build.0 = Debug OpenGL|Win32
		{5124E687-0E41-4BAC-92E5-F70FEAA9B76E}.Debug|Win32.ActiveCfg = Debug DX9|Win32
		{5124E687-0E41-4BAC-92E5-F70FEAA9B76E}.Debug|Win32.Build.0 = Debug DX9|Win32
		{5124E687-0E41-4BAC-92E5-F70FEAA9B76E}.Release GL|Win32.ActiveCfg = Release OpenGL|Win32
		{5124E687-0E41-4BAC-92E5-F70FEAA9B76E}.Release GL|Win32.Build.0 = Release OpenGL|Win32
		{5124E687-0E41-4BAC-92E5-F70FEAA9B76E}.Release|Win32.ActiveCfg = Release DX9|Win32
		{5124E687-0E41-4BAC-92E5-F70FEAA9B76E}.Release|Win32.Build.0 = Release DX9|Win32
		{5124E687-0E41-4BAC-92E5-F70FEAA9B76E}.Tool Debug|Win32.ActiveCfg = Tool Debug|Win32
		{5124E687-0E41-4BAC-92E5-F70FEAA9B76E}.Tool Debug|Win32.Build.0 = Tool Debug|Win32
		{5124E687-0E41-4BAC-92E5-F70FEAA9B76E}.Tool Release|Win32.ActiveCfg = Tool Release|Win32
		{5124E687-0E41-4BAC-92E5-F70FEAA9B76E}.Tool Release|Win32.Build.0 = Tool Release|Win32
		{72F4B279-4610-4D51-B31C-C0334DD5F1CC}.Debug DX11|Win32.ActiveCfg = Debug DX9|Win32
		{72F4B279-4610-4D51-B31C-C0334DD5F1CC}.Debug DX11|Win32.Build.0 = Debug DX9|Win32
		{72F4B279-4610-4D51-B31C-C0334DD5F1CC}.Debug GL|Win32.ActiveCfg = Debug OpenGL|Win32
		{72F4B279-4610-4D51-B31C-C0334DD5F1CC}.Debug GL|Win32.Build.0 = Debug OpenGL|Win32
		{72F4B279-4610-4D51-B31C-C0334DD5F1CC}.Debug|Win32.ActiveCfg = Debug DX9|Win32
		{72F4B279-4610-4D51-B31C-C0334DD5F1CC}.Debug|Win32.Build.0 = Debug DX9|Win32
		{72F4B279-4610-4D51-B31C-C0334DD5F1CC}.Release GL|Win32.ActiveCfg = Release OpenGL|Win32
		{72F4B279-4610-4D51-B31C-C0334DD5F1CC}.Release GL|Win32.Build.0 = Release OpenGL|Win32
		{72F4B279-4610-4D51-B31C-C0334DD5F1CC}.Release|Win32.ActiveCfg = Release DX9|Win32
		{72F4B279-4610-4D51-B31C-C0334DD5F1CC}.Release|Win32.Build.0 = Release DX9|Win32
		{72F4B279-4610-4D51-B31C-C0334DD5F1CC}.Tool Debug|Win32.ActiveCfg = Debug DX9|Win32
		{72F4B279-4610-4D51-B31C-C0334DD5F1CC}.Tool Debug|Win32.Build.0 = Debug DX9|Win32
		{72F4B279-4610-4D51-B31C-C0334DD5F1CC}.Tool Release|Win32.ActiveCfg = Release DX9|Win32
		{72F4B279-4610-4D51-B31C-C0334DD5F1CC}.Tool Release|Win32.Build.0 = Release DX9|Win32
	EndGlobalSection
	GlobalSection(SolutionProperties) = preSolution
		HideSolutionNode = FALSE
	EndGlobalSection
EndGlobal
