<?xml version="1.0" encoding="utf-8"?>
<Project ToolsVersion="4.0" xmlns="http://schemas.microsoft.com/developer/msbuild/2003">
  <ItemGroup>
    <Filter Include="Util">
      <UniqueIdentifier>{35e80cac-7224-4359-8667-1932273b52e0}</UniqueIdentifier>
    </Filter>
    <Filter Include="Resources">
      <UniqueIdentifier>{6043ef2a-8210-4907-968f-8aa6d389612d}</UniqueIdentifier>
    </Filter>
    <Filter Include="GameCommon">
      <UniqueIdentifier>{0530bfa7-50a8-4698-a276-da0a2df46b56}</UniqueIdentifier>
    </Filter>
    <Filter Include="GameCommon\Util">
      <UniqueIdentifier>{40b2455b-c3a1-4400-a371-7135b103ccbc}</UniqueIdentifier>
    </Filter>
  </ItemGroup>
  <ItemGroup>
    <ClCompile Include="SceneEditor\Code\Framework\SceneEditor.cpp" />
    <ClCompile Include="SceneEditor\Code\Main.cpp" />
    <ClCompile Include="SceneEditor\Code\Util\MouseCam.cpp" />
    <ClCompile Include="..\GameCommon\Util\cJSON.c">
      <Filter>GameCommon\Util</Filter>
    </ClCompile>
    <ClCompile Include="SceneEditor\Code\Util\Line_Renderer.cpp">
      <Filter>Util</Filter>
    </ClCompile>
  </ItemGroup>
  <ItemGroup>
    <ClInclude Include="SceneEditor\Code\Framework\SceneEditor.h" />
    <ClInclude Include="SceneEditor\Code\Main.h" />
    <ClInclude Include="SceneEditor\Code\Util\MouseCam.h" />
    <ClInclude Include="SceneEditor\resource.h" />
    <ClInclude Include="..\GameCommon\Util\cJSON.h">
      <Filter>GameCommon\Util</Filter>
    </ClInclude>
    <ClInclude Include="SceneEditor\Code\Util\Line Renderer.h">
      <Filter>Util</Filter>
    </ClInclude>
  </ItemGroup>
  <ItemGroup>
    <Image Include="SceneEditor\centreicon.bmp">
      <Filter>Resources</Filter>
    </Image>
    <Image Include="SceneEditor\moveicon.bmp">
      <Filter>Resources</Filter>
    </Image>
    <Image Include="SceneEditor\moveiconsel.bmp">
      <Filter>Resources</Filter>
    </Image>
    <Image Include="SceneEditor\rotateicon.bmp">
      <Filter>Resources</Filter>
    </Image>
    <Image Include="SceneEditor\rotateiconsel.bmp">
      <Filter>Resources</Filter>
    </Image>
    <Image Include="SceneEditor\zoomicon.bmp">
      <Filter>Resources</Filter>
    </Image>
    <Image Include="SceneEditor\zoomiconsel.bmp">
      <Filter>Resources</Filter>
    </Image>
  </ItemGroup>
  <ItemGroup>
    <ResourceCompile Include="SceneEditor\InteriorMapEditor.rc">
      <Filter>Resources</Filter>
    </ResourceCompile>
  </ItemGroup>
</Project>