<?xml version="1.0" encoding="utf-8"?>
<Project ToolsVersion="4.0" xmlns="http://schemas.microsoft.com/developer/msbuild/2003">
  <ItemGroup>
    <Filter Include="Invaders">
      <UniqueIdentifier>{1be1e017-c7df-4605-bb3c-2320699385f2}</UniqueIdentifier>
    </Filter>
    <Filter Include="Tetris">
      <UniqueIdentifier>{84c3d66b-3a84-4558-b816-53a1adfc0bdd}</UniqueIdentifier>
    </Filter>
    <Filter Include="Tractoban">
      <UniqueIdentifier>{458a59cc-2aba-419c-947a-1f1cbf56aa57}</UniqueIdentifier>
    </Filter>
    <Filter Include="Include">
      <UniqueIdentifier>{d391188c-6b93-4350-ba13-d212653b9b86}</UniqueIdentifier>
    </Filter>
  </ItemGroup>
  <ItemGroup>
    <ClCompile Include="..\LibCode\Arcade\Invaders\Invaders.c">
      <Filter>Invaders</Filter>
    </ClCompile>
    <ClCompile Include="..\LibCode\Arcade\Tetris\Tetris.cpp">
      <Filter>Tetris</Filter>
    </ClCompile>
    <ClCompile Include="..\LibCode\Arcade\Tractoban\Tractoban.cpp">
      <Filter>Tractoban</Filter>
    </ClCompile>
    <ClCompile Include="..\LibCode\Arcade\Tractoban\Tractoban_History.cpp">
      <Filter>Tractoban</Filter>
    </ClCompile>
    <ClCompile Include="..\LibCode\Arcade\Tractoban\Tractoban_Level.cpp">
      <Filter>Tractoban</Filter>
    </ClCompile>
    <ClCompile Include="..\LibCode\Arcade\Tractoban\Tractoban_Path.cpp">
      <Filter>Tractoban</Filter>
    </ClCompile>
    <ClCompile Include="..\LibCode\Arcade\Tractoban\Tractoban_Settings.cpp">
      <Filter>Tractoban</Filter>
    </ClCompile>
    <ClCompile Include="..\LibCode\Arcade\Tractoban\Tractoban_Text.cpp">
      <Filter>Tractoban</Filter>
    </ClCompile>
    <ClCompile Include="..\LibCode\Arcade\Arcade.cpp" />
    <ClCompile Include="..\LibCode\Arcade\Arcade_Data.c" />
  </ItemGroup>
  <ItemGroup>
    <ClInclude Include="..\LibCode\Arcade\Invaders\Invaders.h">
      <Filter>Invaders</Filter>
    </ClInclude>
    <ClInclude Include="..\LibCode\Arcade\Tetris\Tetris.h">
      <Filter>Tetris</Filter>
    </ClInclude>
    <ClInclude Include="..\LibCode\Arcade\Tractoban\Tractoban.h">
      <Filter>Tractoban</Filter>
    </ClInclude>
    <ClInclude Include="..\LibCode\Arcade\Tractoban\Tractoban_History.hpp">
      <Filter>Tractoban</Filter>
    </ClInclude>
    <ClInclude Include="..\LibCode\Arcade\Tractoban\Tractoban_Level.hpp">
      <Filter>Tractoban</Filter>
    </ClInclude>
    <ClInclude Include="..\LibCode\Arcade\Tractoban\Tractoban_Levels_Design.hpp">
      <Filter>Tractoban</Filter>
    </ClInclude>
    <ClInclude Include="..\LibCode\Arcade\Tractoban\Tractoban_Path.hpp">
      <Filter>Tractoban</Filter>
    </ClInclude>
    <ClInclude Include="..\LibCode\Arcade\Tractoban\Tractoban_Settings.hpp">
      <Filter>Tractoban</Filter>
    </ClInclude>
    <ClInclude Include="..\LibCode\Arcade\Tractoban\Tractoban_Text.hpp">
      <Filter>Tractoban</Filter>
    </ClInclude>
    <ClInclude Include="..\Include\Audio.h">
      <Filter>Include</Filter>
    </ClInclude>
    <ClInclude Include="..\Include\CodeUtil.h">
      <Filter>Include</Filter>
    </ClInclude>
    <ClInclude Include="..\Include\Compat.h">
      <Filter>Include</Filter>
    </ClInclude>
    <ClInclude Include="..\Include\Interface.h">
      <Filter>Include</Filter>
    </ClInclude>
    <ClInclude Include="..\Include\StandardDef.h">
      <Filter>Include</Filter>
    </ClInclude>
    <ClInclude Include="..\Include\System.h">
      <Filter>Include</Filter>
    </ClInclude>
    <ClInclude Include="..\LibCode\Arcade\Arcade Data.h" />
    <ClInclude Include="..\Include\Arcade.h" />
  </ItemGroup>
</Project>