<?xml version="1.0" encoding="utf-8"?>
<Project ToolsVersion="4.0" xmlns="http://schemas.microsoft.com/developer/msbuild/2003">
  <ItemGroup>
    <Filter Include="BroadphaseCollision">
      <UniqueIdentifier>{8f96e646-4086-4480-9a5d-e634f66df37e}</UniqueIdentifier>
    </Filter>
    <Filter Include="CollisionDispatch">
      <UniqueIdentifier>{ba32bb09-7aa8-497b-ab99-042cd8de3bfa}</UniqueIdentifier>
    </Filter>
    <Filter Include="CollisionShapes">
      <UniqueIdentifier>{68290e87-d0c9-4a88-a1c7-9e9866c1739a}</UniqueIdentifier>
    </Filter>
    <Filter Include="Gimpact">
      <UniqueIdentifier>{25640d2f-cf9e-4c15-9fa3-900efc2854a9}</UniqueIdentifier>
    </Filter>
    <Filter Include="NarrowPhaseCollision">
      <UniqueIdentifier>{64756102-9f5b-4182-a6cf-0d31445c035a}</UniqueIdentifier>
    </Filter>
  </ItemGroup>
  <ItemGroup>
    <ClCompile Include="..\Include\BulletCollision\BroadphaseCollision\btAxisSweep3.cpp">
      <Filter>BroadphaseCollision</Filter>
    </ClCompile>
    <ClCompile Include="..\Include\BulletCollision\BroadphaseCollision\btBroadphaseProxy.cpp">
      <Filter>BroadphaseCollision</Filter>
    </ClCompile>
    <ClCompile Include="..\Include\BulletCollision\BroadphaseCollision\btCollisionAlgorithm.cpp">
      <Filter>BroadphaseCollision</Filter>
    </ClCompile>
    <ClCompile Include="..\Include\BulletCollision\BroadphaseCollision\btDbvt.cpp">
      <Filter>BroadphaseCollision</Filter>
    </ClCompile>
    <ClCompile Include="..\Include\BulletCollision\BroadphaseCollision\btDbvtBroadphase.cpp">
      <Filter>BroadphaseCollision</Filter>
    </ClCompile>
    <ClCompile Include="..\Include\BulletCollision\BroadphaseCollision\btDispatcher.cpp">
      <Filter>BroadphaseCollision</Filter>
    </ClCompile>
    <ClCompile Include="..\Include\BulletCollision\BroadphaseCollision\btMultiSapBroadphase.cpp">
      <Filter>BroadphaseCollision</Filter>
    </ClCompile>
    <ClCompile Include="..\Include\BulletCollision\BroadphaseCollision\btOverlappingPairCache.cpp">
      <Filter>BroadphaseCollision</Filter>
    </ClCompile>
    <ClCompile Include="..\Include\BulletCollision\BroadphaseCollision\btQuantizedBvh.cpp">
      <Filter>BroadphaseCollision</Filter>
    </ClCompile>
    <ClCompile Include="..\Include\BulletCollision\BroadphaseCollision\btSimpleBroadphase.cpp">
      <Filter>BroadphaseCollision</Filter>
    </ClCompile>
    <ClCompile Include="..\Include\BulletCollision\CollisionDispatch\btActivatingCollisionAlgorithm.cpp">
      <Filter>CollisionDispatch</Filter>
    </ClCompile>
    <ClCompile Include="..\Include\BulletCollision\CollisionDispatch\btBox2dBox2dCollisionAlgorithm.cpp">
      <Filter>CollisionDispatch</Filter>
    </ClCompile>
    <ClCompile Include="..\Include\BulletCollision\CollisionDispatch\btBoxBoxCollisionAlgorithm.cpp">
      <Filter>CollisionDispatch</Filter>
    </ClCompile>
    <ClCompile Include="..\Include\BulletCollision\CollisionDispatch\btBoxBoxDetector.cpp">
      <Filter>CollisionDispatch</Filter>
    </ClCompile>
    <ClCompile Include="..\Include\BulletCollision\CollisionDispatch\btCollisionDispatcher.cpp">
      <Filter>CollisionDispatch</Filter>
    </ClCompile>
    <ClCompile Include="..\Include\BulletCollision\CollisionDispatch\btCollisionObject.cpp">
      <Filter>CollisionDispatch</Filter>
    </ClCompile>
    <ClCompile Include="..\Include\BulletCollision\CollisionDispatch\btCollisionWorld.cpp">
      <Filter>CollisionDispatch</Filter>
    </ClCompile>
    <ClCompile Include="..\Include\BulletCollision\CollisionDispatch\btCompoundCollisionAlgorithm.cpp">
      <Filter>CollisionDispatch</Filter>
    </ClCompile>
    <ClCompile Include="..\Include\BulletCollision\CollisionDispatch\btCompoundCompoundCollisionAlgorithm.cpp">
      <Filter>CollisionDispatch</Filter>
    </ClCompile>
    <ClCompile Include="..\Include\BulletCollision\CollisionDispatch\btConvex2dConvex2dAlgorithm.cpp">
      <Filter>CollisionDispatch</Filter>
    </ClCompile>
    <ClCompile Include="..\Include\BulletCollision\CollisionDispatch\btConvexConcaveCollisionAlgorithm.cpp">
      <Filter>CollisionDispatch</Filter>
    </ClCompile>
    <ClCompile Include="..\Include\BulletCollision\CollisionDispatch\btConvexConvexAlgorithm.cpp">
      <Filter>CollisionDispatch</Filter>
    </ClCompile>
    <ClCompile Include="..\Include\BulletCollision\CollisionDispatch\btConvexPlaneCollisionAlgorithm.cpp">
      <Filter>CollisionDispatch</Filter>
    </ClCompile>
    <ClCompile Include="..\Include\BulletCollision\CollisionDispatch\btDefaultCollisionConfiguration.cpp">
      <Filter>CollisionDispatch</Filter>
    </ClCompile>
    <ClCompile Include="..\Include\BulletCollision\CollisionDispatch\btEmptyCollisionAlgorithm.cpp">
      <Filter>CollisionDispatch</Filter>
    </ClCompile>
    <ClCompile Include="..\Include\BulletCollision\CollisionDispatch\btGhostObject.cpp">
      <Filter>CollisionDispatch</Filter>
    </ClCompile>
    <ClCompile Include="..\Include\BulletCollision\CollisionDispatch\btHashedSimplePairCache.cpp">
      <Filter>CollisionDispatch</Filter>
    </ClCompile>
    <ClCompile Include="..\Include\BulletCollision\CollisionDispatch\btInternalEdgeUtility.cpp">
      <Filter>CollisionDispatch</Filter>
    </ClCompile>
    <ClCompile Include="..\Include\BulletCollision\CollisionDispatch\btManifoldResult.cpp">
      <Filter>CollisionDispatch</Filter>
    </ClCompile>
    <ClCompile Include="..\Include\BulletCollision\CollisionDispatch\btSimulationIslandManager.cpp">
      <Filter>CollisionDispatch</Filter>
    </ClCompile>
    <ClCompile Include="..\Include\BulletCollision\CollisionDispatch\btSphereBoxCollisionAlgorithm.cpp">
      <Filter>CollisionDispatch</Filter>
    </ClCompile>
    <ClCompile Include="..\Include\BulletCollision\CollisionDispatch\btSphereSphereCollisionAlgorithm.cpp">
      <Filter>CollisionDispatch</Filter>
    </ClCompile>
    <ClCompile Include="..\Include\BulletCollision\CollisionDispatch\btSphereTriangleCollisionAlgorithm.cpp">
      <Filter>CollisionDispatch</Filter>
    </ClCompile>
    <ClCompile Include="..\Include\BulletCollision\CollisionDispatch\btUnionFind.cpp">
      <Filter>CollisionDispatch</Filter>
    </ClCompile>
    <ClCompile Include="..\Include\BulletCollision\CollisionDispatch\SphereTriangleDetector.cpp">
      <Filter>CollisionDispatch</Filter>
    </ClCompile>
    <ClCompile Include="..\Include\BulletCollision\CollisionShapes\btBox2dShape.cpp">
      <Filter>CollisionShapes</Filter>
    </ClCompile>
    <ClCompile Include="..\Include\BulletCollision\CollisionShapes\btBoxShape.cpp">
      <Filter>CollisionShapes</Filter>
    </ClCompile>
    <ClCompile Include="..\Include\BulletCollision\CollisionShapes\btBvhTriangleMeshShape.cpp">
      <Filter>CollisionShapes</Filter>
    </ClCompile>
    <ClCompile Include="..\Include\BulletCollision\CollisionShapes\btCapsuleShape.cpp">
      <Filter>CollisionShapes</Filter>
    </ClCompile>
    <ClCompile Include="..\Include\BulletCollision\CollisionShapes\btCollisionShape.cpp">
      <Filter>CollisionShapes</Filter>
    </ClCompile>
    <ClCompile Include="..\Include\BulletCollision\CollisionShapes\btCompoundShape.cpp">
      <Filter>CollisionShapes</Filter>
    </ClCompile>
    <ClCompile Include="..\Include\BulletCollision\CollisionShapes\btConcaveShape.cpp">
      <Filter>CollisionShapes</Filter>
    </ClCompile>
    <ClCompile Include="..\Include\BulletCollision\CollisionShapes\btConeShape.cpp">
      <Filter>CollisionShapes</Filter>
    </ClCompile>
    <ClCompile Include="..\Include\BulletCollision\CollisionShapes\btConvex2dShape.cpp">
      <Filter>CollisionShapes</Filter>
    </ClCompile>
    <ClCompile Include="..\Include\BulletCollision\CollisionShapes\btConvexHullShape.cpp">
      <Filter>CollisionShapes</Filter>
    </ClCompile>
    <ClCompile Include="..\Include\BulletCollision\CollisionShapes\btConvexInternalShape.cpp">
      <Filter>CollisionShapes</Filter>
    </ClCompile>
    <ClCompile Include="..\Include\BulletCollision\CollisionShapes\btConvexPointCloudShape.cpp">
      <Filter>CollisionShapes</Filter>
    </ClCompile>
    <ClCompile Include="..\Include\BulletCollision\CollisionShapes\btConvexPolyhedron.cpp">
      <Filter>CollisionShapes</Filter>
    </ClCompile>
    <ClCompile Include="..\Include\BulletCollision\CollisionShapes\btConvexShape.cpp">
      <Filter>CollisionShapes</Filter>
    </ClCompile>
    <ClCompile Include="..\Include\BulletCollision\CollisionShapes\btConvexTriangleMeshShape.cpp">
      <Filter>CollisionShapes</Filter>
    </ClCompile>
    <ClCompile Include="..\Include\BulletCollision\CollisionShapes\btCylinderShape.cpp">
      <Filter>CollisionShapes</Filter>
    </ClCompile>
    <ClCompile Include="..\Include\BulletCollision\CollisionShapes\btEmptyShape.cpp">
      <Filter>CollisionShapes</Filter>
    </ClCompile>
    <ClCompile Include="..\Include\BulletCollision\CollisionShapes\btHeightfieldTerrainShape.cpp">
      <Filter>CollisionShapes</Filter>
    </ClCompile>
    <ClCompile Include="..\Include\BulletCollision\CollisionShapes\btMinkowskiSumShape.cpp">
      <Filter>CollisionShapes</Filter>
    </ClCompile>
    <ClCompile Include="..\Include\BulletCollision\CollisionShapes\btMultimaterialTriangleMeshShape.cpp">
      <Filter>CollisionShapes</Filter>
    </ClCompile>
    <ClCompile Include="..\Include\BulletCollision\CollisionShapes\btMultiSphereShape.cpp">
      <Filter>CollisionShapes</Filter>
    </ClCompile>
    <ClCompile Include="..\Include\BulletCollision\CollisionShapes\btOptimizedBvh.cpp">
      <Filter>CollisionShapes</Filter>
    </ClCompile>
    <ClCompile Include="..\Include\BulletCollision\CollisionShapes\btPolyhedralConvexShape.cpp">
      <Filter>CollisionShapes</Filter>
    </ClCompile>
    <ClCompile Include="..\Include\BulletCollision\CollisionShapes\btScaledBvhTriangleMeshShape.cpp">
      <Filter>CollisionShapes</Filter>
    </ClCompile>
    <ClCompile Include="..\Include\BulletCollision\CollisionShapes\btShapeHull.cpp">
      <Filter>CollisionShapes</Filter>
    </ClCompile>
    <ClCompile Include="..\Include\BulletCollision\CollisionShapes\btSphereShape.cpp">
      <Filter>CollisionShapes</Filter>
    </ClCompile>
    <ClCompile Include="..\Include\BulletCollision\CollisionShapes\btStaticPlaneShape.cpp">
      <Filter>CollisionShapes</Filter>
    </ClCompile>
    <ClCompile Include="..\Include\BulletCollision\CollisionShapes\btStridingMeshInterface.cpp">
      <Filter>CollisionShapes</Filter>
    </ClCompile>
    <ClCompile Include="..\Include\BulletCollision\CollisionShapes\btTetrahedronShape.cpp">
      <Filter>CollisionShapes</Filter>
    </ClCompile>
    <ClCompile Include="..\Include\BulletCollision\CollisionShapes\btTriangleBuffer.cpp">
      <Filter>CollisionShapes</Filter>
    </ClCompile>
    <ClCompile Include="..\Include\BulletCollision\CollisionShapes\btTriangleCallback.cpp">
      <Filter>CollisionShapes</Filter>
    </ClCompile>
    <ClCompile Include="..\Include\BulletCollision\CollisionShapes\btTriangleIndexVertexArray.cpp">
      <Filter>CollisionShapes</Filter>
    </ClCompile>
    <ClCompile Include="..\Include\BulletCollision\CollisionShapes\btTriangleIndexVertexMaterialArray.cpp">
      <Filter>CollisionShapes</Filter>
    </ClCompile>
    <ClCompile Include="..\Include\BulletCollision\CollisionShapes\btTriangleMesh.cpp">
      <Filter>CollisionShapes</Filter>
    </ClCompile>
    <ClCompile Include="..\Include\BulletCollision\CollisionShapes\btTriangleMeshShape.cpp">
      <Filter>CollisionShapes</Filter>
    </ClCompile>
    <ClCompile Include="..\Include\BulletCollision\CollisionShapes\btUniformScalingShape.cpp">
      <Filter>CollisionShapes</Filter>
    </ClCompile>
    <ClCompile Include="..\Include\BulletCollision\Gimpact\btContactProcessing.cpp">
      <Filter>Gimpact</Filter>
    </ClCompile>
    <ClCompile Include="..\Include\BulletCollision\Gimpact\btGenericPoolAllocator.cpp">
      <Filter>Gimpact</Filter>
    </ClCompile>
    <ClCompile Include="..\Include\BulletCollision\Gimpact\btGImpactBvh.cpp">
      <Filter>Gimpact</Filter>
    </ClCompile>
    <ClCompile Include="..\Include\BulletCollision\Gimpact\btGImpactCollisionAlgorithm.cpp">
      <Filter>Gimpact</Filter>
    </ClCompile>
    <ClCompile Include="..\Include\BulletCollision\Gimpact\btGImpactQuantizedBvh.cpp">
      <Filter>Gimpact</Filter>
    </ClCompile>
    <ClCompile Include="..\Include\BulletCollision\Gimpact\btGImpactShape.cpp">
      <Filter>Gimpact</Filter>
    </ClCompile>
    <ClCompile Include="..\Include\BulletCollision\Gimpact\btTriangleShapeEx.cpp">
      <Filter>Gimpact</Filter>
    </ClCompile>
    <ClCompile Include="..\Include\BulletCollision\Gimpact\gim_box_set.cpp">
      <Filter>Gimpact</Filter>
    </ClCompile>
    <ClCompile Include="..\Include\BulletCollision\Gimpact\gim_contact.cpp">
      <Filter>Gimpact</Filter>
    </ClCompile>
    <ClCompile Include="..\Include\BulletCollision\Gimpact\gim_memory.cpp">
      <Filter>Gimpact</Filter>
    </ClCompile>
    <ClCompile Include="..\Include\BulletCollision\Gimpact\gim_tri_collision.cpp">
      <Filter>Gimpact</Filter>
    </ClCompile>
    <ClCompile Include="..\Include\BulletCollision\NarrowPhaseCollision\btContinuousConvexCollision.cpp">
      <Filter>NarrowPhaseCollision</Filter>
    </ClCompile>
    <ClCompile Include="..\Include\BulletCollision\NarrowPhaseCollision\btConvexCast.cpp">
      <Filter>NarrowPhaseCollision</Filter>
    </ClCompile>
    <ClCompile Include="..\Include\BulletCollision\NarrowPhaseCollision\btGjkConvexCast.cpp">
      <Filter>NarrowPhaseCollision</Filter>
    </ClCompile>
    <ClCompile Include="..\Include\BulletCollision\NarrowPhaseCollision\btGjkEpa2.cpp">
      <Filter>NarrowPhaseCollision</Filter>
    </ClCompile>
    <ClCompile Include="..\Include\BulletCollision\NarrowPhaseCollision\btGjkEpaPenetrationDepthSolver.cpp">
      <Filter>NarrowPhaseCollision</Filter>
    </ClCompile>
    <ClCompile Include="..\Include\BulletCollision\NarrowPhaseCollision\btGjkPairDetector.cpp">
      <Filter>NarrowPhaseCollision</Filter>
    </ClCompile>
    <ClCompile Include="..\Include\BulletCollision\NarrowPhaseCollision\btMinkowskiPenetrationDepthSolver.cpp">
      <Filter>NarrowPhaseCollision</Filter>
    </ClCompile>
    <ClCompile Include="..\Include\BulletCollision\NarrowPhaseCollision\btPersistentManifold.cpp">
      <Filter>NarrowPhaseCollision</Filter>
    </ClCompile>
    <ClCompile Include="..\Include\BulletCollision\NarrowPhaseCollision\btPolyhedralContactClipping.cpp">
      <Filter>NarrowPhaseCollision</Filter>
    </ClCompile>
    <ClCompile Include="..\Include\BulletCollision\NarrowPhaseCollision\btRaycastCallback.cpp">
      <Filter>NarrowPhaseCollision</Filter>
    </ClCompile>
    <ClCompile Include="..\Include\BulletCollision\NarrowPhaseCollision\btSubSimplexConvexCast.cpp">
      <Filter>NarrowPhaseCollision</Filter>
    </ClCompile>
    <ClCompile Include="..\Include\BulletCollision\NarrowPhaseCollision\btVoronoiSimplexSolver.cpp">
      <Filter>NarrowPhaseCollision</Filter>
    </ClCompile>
  </ItemGroup>
  <ItemGroup>
    <ClInclude Include="..\Include\BulletCollision\BroadphaseCollision\btAxisSweep3.h">
      <Filter>BroadphaseCollision</Filter>
    </ClInclude>
    <ClInclude Include="..\Include\BulletCollision\BroadphaseCollision\btBroadphaseInterface.h">
      <Filter>BroadphaseCollision</Filter>
    </ClInclude>
    <ClInclude Include="..\Include\BulletCollision\BroadphaseCollision\btBroadphaseProxy.h">
      <Filter>BroadphaseCollision</Filter>
    </ClInclude>
    <ClInclude Include="..\Include\BulletCollision\BroadphaseCollision\btCollisionAlgorithm.h">
      <Filter>BroadphaseCollision</Filter>
    </ClInclude>
    <ClInclude Include="..\Include\BulletCollision\BroadphaseCollision\btDbvt.h">
      <Filter>BroadphaseCollision</Filter>
    </ClInclude>
    <ClInclude Include="..\Include\BulletCollision\BroadphaseCollision\btDbvtBroadphase.h">
      <Filter>BroadphaseCollision</Filter>
    </ClInclude>
    <ClInclude Include="..\Include\BulletCollision\BroadphaseCollision\btDispatcher.h">
      <Filter>BroadphaseCollision</Filter>
    </ClInclude>
    <ClInclude Include="..\Include\BulletCollision\BroadphaseCollision\btMultiSapBroadphase.h">
      <Filter>BroadphaseCollision</Filter>
    </ClInclude>
    <ClInclude Include="..\Include\BulletCollision\BroadphaseCollision\btOverlappingPairCache.h">
      <Filter>BroadphaseCollision</Filter>
    </ClInclude>
    <ClInclude Include="..\Include\BulletCollision\BroadphaseCollision\btOverlappingPairCallback.h">
      <Filter>BroadphaseCollision</Filter>
    </ClInclude>
    <ClInclude Include="..\Include\BulletCollision\BroadphaseCollision\btQuantizedBvh.h">
      <Filter>BroadphaseCollision</Filter>
    </ClInclude>
    <ClInclude Include="..\Include\BulletCollision\BroadphaseCollision\btSimpleBroadphase.h">
      <Filter>BroadphaseCollision</Filter>
    </ClInclude>
    <ClInclude Include="..\Include\BulletCollision\CollisionDispatch\btActivatingCollisionAlgorithm.h">
      <Filter>CollisionDispatch</Filter>
    </ClInclude>
    <ClInclude Include="..\Include\BulletCollision\CollisionDispatch\btBox2dBox2dCollisionAlgorithm.h">
      <Filter>CollisionDispatch</Filter>
    </ClInclude>
    <ClInclude Include="..\Include\BulletCollision\CollisionDispatch\btBoxBoxCollisionAlgorithm.h">
      <Filter>CollisionDispatch</Filter>
    </ClInclude>
    <ClInclude Include="..\Include\BulletCollision\CollisionDispatch\btBoxBoxDetector.h">
      <Filter>CollisionDispatch</Filter>
    </ClInclude>
    <ClInclude Include="..\Include\BulletCollision\CollisionDispatch\btCollisionConfiguration.h">
      <Filter>CollisionDispatch</Filter>
    </ClInclude>
    <ClInclude Include="..\Include\BulletCollision\CollisionDispatch\btCollisionCreateFunc.h">
      <Filter>CollisionDispatch</Filter>
    </ClInclude>
    <ClInclude Include="..\Include\BulletCollision\CollisionDispatch\btCollisionDispatcher.h">
      <Filter>CollisionDispatch</Filter>
    </ClInclude>
    <ClInclude Include="..\Include\BulletCollision\CollisionDispatch\btCollisionObject.h">
      <Filter>CollisionDispatch</Filter>
    </ClInclude>
    <ClInclude Include="..\Include\BulletCollision\CollisionDispatch\btCollisionObjectWrapper.h">
      <Filter>CollisionDispatch</Filter>
    </ClInclude>
    <ClInclude Include="..\Include\BulletCollision\CollisionDispatch\btCollisionWorld.h">
      <Filter>CollisionDispatch</Filter>
    </ClInclude>
    <ClInclude Include="..\Include\BulletCollision\CollisionDispatch\btCompoundCollisionAlgorithm.h">
      <Filter>CollisionDispatch</Filter>
    </ClInclude>
    <ClInclude Include="..\Include\BulletCollision\CollisionDispatch\btCompoundCompoundCollisionAlgorithm.h">
      <Filter>CollisionDispatch</Filter>
    </ClInclude>
    <ClInclude Include="..\Include\BulletCollision\CollisionDispatch\btConvex2dConvex2dAlgorithm.h">
      <Filter>CollisionDispatch</Filter>
    </ClInclude>
    <ClInclude Include="..\Include\BulletCollision\CollisionDispatch\btConvexConcaveCollisionAlgorithm.h">
      <Filter>CollisionDispatch</Filter>
    </ClInclude>
    <ClInclude Include="..\Include\BulletCollision\CollisionDispatch\btConvexConvexAlgorithm.h">
      <Filter>CollisionDispatch</Filter>
    </ClInclude>
    <ClInclude Include="..\Include\BulletCollision\CollisionDispatch\btConvexPlaneCollisionAlgorithm.h">
      <Filter>CollisionDispatch</Filter>
    </ClInclude>
    <ClInclude Include="..\Include\BulletCollision\CollisionDispatch\btDefaultCollisionConfiguration.h">
      <Filter>CollisionDispatch</Filter>
    </ClInclude>
    <ClInclude Include="..\Include\BulletCollision\CollisionDispatch\btEmptyCollisionAlgorithm.h">
      <Filter>CollisionDispatch</Filter>
    </ClInclude>
    <ClInclude Include="..\Include\BulletCollision\CollisionDispatch\btGhostObject.h">
      <Filter>CollisionDispatch</Filter>
    </ClInclude>
    <ClInclude Include="..\Include\BulletCollision\CollisionDispatch\btHashedSimplePairCache.h">
      <Filter>CollisionDispatch</Filter>
    </ClInclude>
    <ClInclude Include="..\Include\BulletCollision\CollisionDispatch\btInternalEdgeUtility.h">
      <Filter>CollisionDispatch</Filter>
    </ClInclude>
    <ClInclude Include="..\Include\BulletCollision\CollisionDispatch\btManifoldResult.h">
      <Filter>CollisionDispatch</Filter>
    </ClInclude>
    <ClInclude Include="..\Include\BulletCollision\CollisionDispatch\btSimulationIslandManager.h">
      <Filter>CollisionDispatch</Filter>
    </ClInclude>
    <ClInclude Include="..\Include\BulletCollision\CollisionDispatch\btSphereBoxCollisionAlgorithm.h">
      <Filter>CollisionDispatch</Filter>
    </ClInclude>
    <ClInclude Include="..\Include\BulletCollision\CollisionDispatch\btSphereSphereCollisionAlgorithm.h">
      <Filter>CollisionDispatch</Filter>
    </ClInclude>
    <ClInclude Include="..\Include\BulletCollision\CollisionDispatch\btSphereTriangleCollisionAlgorithm.h">
      <Filter>CollisionDispatch</Filter>
    </ClInclude>
    <ClInclude Include="..\Include\BulletCollision\CollisionDispatch\btUnionFind.h">
      <Filter>CollisionDispatch</Filter>
    </ClInclude>
    <ClInclude Include="..\Include\BulletCollision\CollisionDispatch\SphereTriangleDetector.h">
      <Filter>CollisionDispatch</Filter>
    </ClInclude>
    <ClInclude Include="..\Include\BulletCollision\CollisionShapes\btBox2dShape.h">
      <Filter>CollisionShapes</Filter>
    </ClInclude>
    <ClInclude Include="..\Include\BulletCollision\CollisionShapes\btBoxShape.h">
      <Filter>CollisionShapes</Filter>
    </ClInclude>
    <ClInclude Include="..\Include\BulletCollision\CollisionShapes\btBvhTriangleMeshShape.h">
      <Filter>CollisionShapes</Filter>
    </ClInclude>
    <ClInclude Include="..\Include\BulletCollision\CollisionShapes\btCapsuleShape.h">
      <Filter>CollisionShapes</Filter>
    </ClInclude>
    <ClInclude Include="..\Include\BulletCollision\CollisionShapes\btCollisionMargin.h">
      <Filter>CollisionShapes</Filter>
    </ClInclude>
    <ClInclude Include="..\Include\BulletCollision\CollisionShapes\btCollisionShape.h">
      <Filter>CollisionShapes</Filter>
    </ClInclude>
    <ClInclude Include="..\Include\BulletCollision\CollisionShapes\btCompoundShape.h">
      <Filter>CollisionShapes</Filter>
    </ClInclude>
    <ClInclude Include="..\Include\BulletCollision\CollisionShapes\btConcaveShape.h">
      <Filter>CollisionShapes</Filter>
    </ClInclude>
    <ClInclude Include="..\Include\BulletCollision\CollisionShapes\btConeShape.h">
      <Filter>CollisionShapes</Filter>
    </ClInclude>
    <ClInclude Include="..\Include\BulletCollision\CollisionShapes\btConvex2dShape.h">
      <Filter>CollisionShapes</Filter>
    </ClInclude>
    <ClInclude Include="..\Include\BulletCollision\CollisionShapes\btConvexHullShape.h">
      <Filter>CollisionShapes</Filter>
    </ClInclude>
    <ClInclude Include="..\Include\BulletCollision\CollisionShapes\btConvexInternalShape.h">
      <Filter>CollisionShapes</Filter>
    </ClInclude>
    <ClInclude Include="..\Include\BulletCollision\CollisionShapes\btConvexPointCloudShape.h">
      <Filter>CollisionShapes</Filter>
    </ClInclude>
    <ClInclude Include="..\Include\BulletCollision\CollisionShapes\btConvexPolyhedron.h">
      <Filter>CollisionShapes</Filter>
    </ClInclude>
    <ClInclude Include="..\Include\BulletCollision\CollisionShapes\btConvexShape.h">
      <Filter>CollisionShapes</Filter>
    </ClInclude>
    <ClInclude Include="..\Include\BulletCollision\CollisionShapes\btConvexTriangleMeshShape.h">
      <Filter>CollisionShapes</Filter>
    </ClInclude>
    <ClInclude Include="..\Include\BulletCollision\CollisionShapes\btCylinderShape.h">
      <Filter>CollisionShapes</Filter>
    </ClInclude>
    <ClInclude Include="..\Include\BulletCollision\CollisionShapes\btEmptyShape.h">
      <Filter>CollisionShapes</Filter>
    </ClInclude>
    <ClInclude Include="..\Include\BulletCollision\CollisionShapes\btHeightfieldTerrainShape.h">
      <Filter>CollisionShapes</Filter>
    </ClInclude>
    <ClInclude Include="..\Include\BulletCollision\CollisionShapes\btMaterial.h">
      <Filter>CollisionShapes</Filter>
    </ClInclude>
    <ClInclude Include="..\Include\BulletCollision\CollisionShapes\btMinkowskiSumShape.h">
      <Filter>CollisionShapes</Filter>
    </ClInclude>
    <ClInclude Include="..\Include\BulletCollision\CollisionShapes\btMultimaterialTriangleMeshShape.h">
      <Filter>CollisionShapes</Filter>
    </ClInclude>
    <ClInclude Include="..\Include\BulletCollision\CollisionShapes\btMultiSphereShape.h">
      <Filter>CollisionShapes</Filter>
    </ClInclude>
    <ClInclude Include="..\Include\BulletCollision\CollisionShapes\btOptimizedBvh.h">
      <Filter>CollisionShapes</Filter>
    </ClInclude>
    <ClInclude Include="..\Include\BulletCollision\CollisionShapes\btPolyhedralConvexShape.h">
      <Filter>CollisionShapes</Filter>
    </ClInclude>
    <ClInclude Include="..\Include\BulletCollision\CollisionShapes\btScaledBvhTriangleMeshShape.h">
      <Filter>CollisionShapes</Filter>
    </ClInclude>
    <ClInclude Include="..\Include\BulletCollision\CollisionShapes\btShapeHull.h">
      <Filter>CollisionShapes</Filter>
    </ClInclude>
    <ClInclude Include="..\Include\BulletCollision\CollisionShapes\btSphereShape.h">
      <Filter>CollisionShapes</Filter>
    </ClInclude>
    <ClInclude Include="..\Include\BulletCollision\CollisionShapes\btStaticPlaneShape.h">
      <Filter>CollisionShapes</Filter>
    </ClInclude>
    <ClInclude Include="..\Include\BulletCollision\CollisionShapes\btStridingMeshInterface.h">
      <Filter>CollisionShapes</Filter>
    </ClInclude>
    <ClInclude Include="..\Include\BulletCollision\CollisionShapes\btTetrahedronShape.h">
      <Filter>CollisionShapes</Filter>
    </ClInclude>
    <ClInclude Include="..\Include\BulletCollision\CollisionShapes\btTriangleBuffer.h">
      <Filter>CollisionShapes</Filter>
    </ClInclude>
    <ClInclude Include="..\Include\BulletCollision\CollisionShapes\btTriangleCallback.h">
      <Filter>CollisionShapes</Filter>
    </ClInclude>
    <ClInclude Include="..\Include\BulletCollision\CollisionShapes\btTriangleIndexVertexArray.h">
      <Filter>CollisionShapes</Filter>
    </ClInclude>
    <ClInclude Include="..\Include\BulletCollision\CollisionShapes\btTriangleIndexVertexMaterialArray.h">
      <Filter>CollisionShapes</Filter>
    </ClInclude>
    <ClInclude Include="..\Include\BulletCollision\CollisionShapes\btTriangleInfoMap.h">
      <Filter>CollisionShapes</Filter>
    </ClInclude>
    <ClInclude Include="..\Include\BulletCollision\CollisionShapes\btTriangleMesh.h">
      <Filter>CollisionShapes</Filter>
    </ClInclude>
    <ClInclude Include="..\Include\BulletCollision\CollisionShapes\btTriangleMeshShape.h">
      <Filter>CollisionShapes</Filter>
    </ClInclude>
    <ClInclude Include="..\Include\BulletCollision\CollisionShapes\btTriangleShape.h">
      <Filter>CollisionShapes</Filter>
    </ClInclude>
    <ClInclude Include="..\Include\BulletCollision\CollisionShapes\btUniformScalingShape.h">
      <Filter>CollisionShapes</Filter>
    </ClInclude>
    <ClInclude Include="..\Include\BulletCollision\Gimpact\btBoxCollision.h">
      <Filter>Gimpact</Filter>
    </ClInclude>
    <ClInclude Include="..\Include\BulletCollision\Gimpact\btClipPolygon.h">
      <Filter>Gimpact</Filter>
    </ClInclude>
    <ClInclude Include="..\Include\BulletCollision\Gimpact\btCompoundFromGimpact.h">
      <Filter>Gimpact</Filter>
    </ClInclude>
    <ClInclude Include="..\Include\BulletCollision\Gimpact\btContactProcessing.h">
      <Filter>Gimpact</Filter>
    </ClInclude>
    <ClInclude Include="..\Include\BulletCollision\Gimpact\btGenericPoolAllocator.h">
      <Filter>Gimpact</Filter>
    </ClInclude>
    <ClInclude Include="..\Include\BulletCollision\Gimpact\btGeometryOperations.h">
      <Filter>Gimpact</Filter>
    </ClInclude>
    <ClInclude Include="..\Include\BulletCollision\Gimpact\btGImpactBvh.h">
      <Filter>Gimpact</Filter>
    </ClInclude>
    <ClInclude Include="..\Include\BulletCollision\Gimpact\btGImpactCollisionAlgorithm.h">
      <Filter>Gimpact</Filter>
    </ClInclude>
    <ClInclude Include="..\Include\BulletCollision\Gimpact\btGImpactMassUtil.h">
      <Filter>Gimpact</Filter>
    </ClInclude>
    <ClInclude Include="..\Include\BulletCollision\Gimpact\btGImpactQuantizedBvh.h">
      <Filter>Gimpact</Filter>
    </ClInclude>
    <ClInclude Include="..\Include\BulletCollision\Gimpact\btGImpactShape.h">
      <Filter>Gimpact</Filter>
    </ClInclude>
    <ClInclude Include="..\Include\BulletCollision\Gimpact\btQuantization.h">
      <Filter>Gimpact</Filter>
    </ClInclude>
    <ClInclude Include="..\Include\BulletCollision\Gimpact\btTriangleShapeEx.h">
      <Filter>Gimpact</Filter>
    </ClInclude>
    <ClInclude Include="..\Include\BulletCollision\Gimpact\gim_array.h">
      <Filter>Gimpact</Filter>
    </ClInclude>
    <ClInclude Include="..\Include\BulletCollision\Gimpact\gim_basic_geometry_operations.h">
      <Filter>Gimpact</Filter>
    </ClInclude>
    <ClInclude Include="..\Include\BulletCollision\Gimpact\gim_bitset.h">
      <Filter>Gimpact</Filter>
    </ClInclude>
    <ClInclude Include="..\Include\BulletCollision\Gimpact\gim_box_collision.h">
      <Filter>Gimpact</Filter>
    </ClInclude>
    <ClInclude Include="..\Include\BulletCollision\Gimpact\gim_box_set.h">
      <Filter>Gimpact</Filter>
    </ClInclude>
    <ClInclude Include="..\Include\BulletCollision\Gimpact\gim_clip_polygon.h">
      <Filter>Gimpact</Filter>
    </ClInclude>
    <ClInclude Include="..\Include\BulletCollision\Gimpact\gim_contact.h">
      <Filter>Gimpact</Filter>
    </ClInclude>
    <ClInclude Include="..\Include\BulletCollision\Gimpact\gim_geom_types.h">
      <Filter>Gimpact</Filter>
    </ClInclude>
    <ClInclude Include="..\Include\BulletCollision\Gimpact\gim_geometry.h">
      <Filter>Gimpact</Filter>
    </ClInclude>
    <ClInclude Include="..\Include\BulletCollision\Gimpact\gim_hash_table.h">
      <Filter>Gimpact</Filter>
    </ClInclude>
    <ClInclude Include="..\Include\BulletCollision\Gimpact\gim_linear_math.h">
      <Filter>Gimpact</Filter>
    </ClInclude>
    <ClInclude Include="..\Include\BulletCollision\Gimpact\gim_math.h">
      <Filter>Gimpact</Filter>
    </ClInclude>
    <ClInclude Include="..\Include\BulletCollision\Gimpact\gim_memory.h">
      <Filter>Gimpact</Filter>
    </ClInclude>
    <ClInclude Include="..\Include\BulletCollision\Gimpact\gim_radixsort.h">
      <Filter>Gimpact</Filter>
    </ClInclude>
    <ClInclude Include="..\Include\BulletCollision\Gimpact\gim_tri_collision.h">
      <Filter>Gimpact</Filter>
    </ClInclude>
    <ClInclude Include="..\Include\BulletCollision\NarrowPhaseCollision\btContinuousConvexCollision.h">
      <Filter>NarrowPhaseCollision</Filter>
    </ClInclude>
    <ClInclude Include="..\Include\BulletCollision\NarrowPhaseCollision\btConvexCast.h">
      <Filter>NarrowPhaseCollision</Filter>
    </ClInclude>
    <ClInclude Include="..\Include\BulletCollision\NarrowPhaseCollision\btConvexPenetrationDepthSolver.h">
      <Filter>NarrowPhaseCollision</Filter>
    </ClInclude>
    <ClInclude Include="..\Include\BulletCollision\NarrowPhaseCollision\btDiscreteCollisionDetectorInterface.h">
      <Filter>NarrowPhaseCollision</Filter>
    </ClInclude>
    <ClInclude Include="..\Include\BulletCollision\NarrowPhaseCollision\btGjkConvexCast.h">
      <Filter>NarrowPhaseCollision</Filter>
    </ClInclude>
    <ClInclude Include="..\Include\BulletCollision\NarrowPhaseCollision\btGjkEpa2.h">
      <Filter>NarrowPhaseCollision</Filter>
    </ClInclude>
    <ClInclude Include="..\Include\BulletCollision\NarrowPhaseCollision\btGjkEpaPenetrationDepthSolver.h">
      <Filter>NarrowPhaseCollision</Filter>
    </ClInclude>
    <ClInclude Include="..\Include\BulletCollision\NarrowPhaseCollision\btGjkPairDetector.h">
      <Filter>NarrowPhaseCollision</Filter>
    </ClInclude>
    <ClInclude Include="..\Include\BulletCollision\NarrowPhaseCollision\btManifoldPoint.h">
      <Filter>NarrowPhaseCollision</Filter>
    </ClInclude>
    <ClInclude Include="..\Include\BulletCollision\NarrowPhaseCollision\btMinkowskiPenetrationDepthSolver.h">
      <Filter>NarrowPhaseCollision</Filter>
    </ClInclude>
    <ClInclude Include="..\Include\BulletCollision\NarrowPhaseCollision\btPersistentManifold.h">
      <Filter>NarrowPhaseCollision</Filter>
    </ClInclude>
    <ClInclude Include="..\Include\BulletCollision\NarrowPhaseCollision\btPointCollector.h">
      <Filter>NarrowPhaseCollision</Filter>
    </ClInclude>
    <ClInclude Include="..\Include\BulletCollision\NarrowPhaseCollision\btPolyhedralContactClipping.h">
      <Filter>NarrowPhaseCollision</Filter>
    </ClInclude>
    <ClInclude Include="..\Include\BulletCollision\NarrowPhaseCollision\btRaycastCallback.h">
      <Filter>NarrowPhaseCollision</Filter>
    </ClInclude>
    <ClInclude Include="..\Include\BulletCollision\NarrowPhaseCollision\btSimplexSolverInterface.h">
      <Filter>NarrowPhaseCollision</Filter>
    </ClInclude>
    <ClInclude Include="..\Include\BulletCollision\NarrowPhaseCollision\btSubSimplexConvexCast.h">
      <Filter>NarrowPhaseCollision</Filter>
    </ClInclude>
    <ClInclude Include="..\Include\BulletCollision\NarrowPhaseCollision\btVoronoiSimplexSolver.h">
      <Filter>NarrowPhaseCollision</Filter>
    </ClInclude>
  </ItemGroup>
</Project>